{
  "name": "@rbxts/Emitter",
  "version": "1.0.0",
  "lockfileVersion": 1,
  "requires": true,
  "dependencies": {
    "@rbxts/compiler-types": {
      "version": "1.1.1-types.5",
      "resolved": "https://registry.npmjs.org/@rbxts/compiler-types/-/compiler-types-1.1.1-types.5.tgz",
      "integrity": "sha512-xnFLpXXYgihr5lbjeHOvAupEAJRD2yjgRpg6g4MDp+WzcIFdRGVxaIL40o4CAOvkEH5EjtTO/krDPz4NAJHfdA==",
      "dev": true
    },
    "@rbxts/pascal": {
      "version": "1.1.1",
      "resolved": "https://registry.npmjs.org/@rbxts/pascal/-/pascal-1.1.1.tgz",
      "integrity": "sha512-//FTBgoADOu+1ZM88IobMYlIvwXXJHXbisOzWZUb5oWCPrd9XBzMbBBM8Oz9StzxcgdjT6fjJOvmeg2GTI7s6Q==",
      "dev": true
    },
    "@rbxts/types": {
      "version": "1.0.525",
      "resolved": "https://registry.npmjs.org/@rbxts/types/-/types-1.0.525.tgz",
      "integrity": "sha512-wED5oWRjeW3nsVOx4lJnPgvfRfZYSYhFXT3suCFBq1BzLqvEP6qhs04QDCBB9EnO803R5Wwza8tzdhgNZC5sjQ==",
      "dev": true
    }
  }
}
